
Microsoft Visual Studio Solution File, Format Version 12.00
# Visual Studio Version 17
VisualStudioVersion = 17.4.33103.184
MinimumVisualStudioVersion = 10.0.40219.1
Project("{FAE04EC0-301F-11D3-BF4B-00C04F79EFBC}") = "TestJson", "TestJson.csproj", "{FBBE5FCE-D649-4232-A645-357F4DA9713B}"
EndProject
Global
	GlobalSection(SolutionConfigurationPlatforms) = preSolution
		Debug|Any CPU = Debug|Any CPU
		Release|Any CPU = Release|Any CPU
	EndGlobalSection
	GlobalSection(ProjectConfigurationPlatforms) = postSolution
		{FBBE5FCE-D649-4232-A645-357F4DA9713B}.Debug|Any CPU.ActiveCfg = Debug|Any CPU
		{FBBE5FCE-D649-4232-A645-357F4DA9713B}.Debug|Any CPU.Build.0 = Debug|Any CPU
		{FBBE5FCE-D649-4232-A645-357F4DA9713B}.Release|Any CPU.ActiveCfg = Release|Any CPU
		{FBBE5FCE-D649-4232-A645-357F4DA9713B}.Release|Any CPU.Build.0 = Release|Any CPU
	EndGlobalSection
	GlobalSection(SolutionProperties) = preSolution
		HideSolutionNode = FALSE
	EndGlobalSection
	GlobalSection(ExtensibilityGlobals) = postSolution
		SolutionGuid = {F08DE503-47AE-495F-A1B4-670CF29918F6}
	EndGlobalSection
EndGlobal
