
Microsoft Visual Studio Solution File, Format Version 12.00
# Visual Studio Version 17
VisualStudioVersion = 17.4.33103.184
MinimumVisualStudioVersion = 10.0.40219.1
Project("{FAE04EC0-301F-11D3-BF4B-00C04F79EFBC}") = "trainingWPF", "trainingWPF.csproj", "{8EBF0880-2D2F-4352-B982-0EAD33E7D91C}"
EndProject
Global
	GlobalSection(SolutionConfigurationPlatforms) = preSolution
		Debug|Any CPU = Debug|Any CPU
		Release|Any CPU = Release|Any CPU
	EndGlobalSection
	GlobalSection(ProjectConfigurationPlatforms) = postSolution
		{8EBF0880-2D2F-4352-B982-0EAD33E7D91C}.Debug|Any CPU.ActiveCfg = Debug|Any CPU
		{8EBF0880-2D2F-4352-B982-0EAD33E7D91C}.Debug|Any CPU.Build.0 = Debug|Any CPU
		{8EBF0880-2D2F-4352-B982-0EAD33E7D91C}.Release|Any CPU.ActiveCfg = Release|Any CPU
		{8EBF0880-2D2F-4352-B982-0EAD33E7D91C}.Release|Any CPU.Build.0 = Release|Any CPU
	EndGlobalSection
	GlobalSection(SolutionProperties) = preSolution
		HideSolutionNode = FALSE
	EndGlobalSection
	GlobalSection(ExtensibilityGlobals) = postSolution
		SolutionGuid = {1409A721-BAEC-4163-BC43-05D8A6BC861B}
	EndGlobalSection
EndGlobal
